// !$*UTF8*$!
{
	archiveVersion = 1;
	classes = {
	};
	objectVersion = 50;
	objects = {

/* Begin PBXBuildFile section */
		9144B71724906251009B01B8 /* ApplicationFlowCoordinator.swift in Sources */ = {isa = PBXBuildFile; fileRef = 9144B71624906251009B01B8 /* ApplicationFlowCoordinator.swift */; };
		9144B7192490629B009B01B8 /* FlowCoordinator+DependencyProviders.swift in Sources */ = {isa = PBXBuildFile; fileRef = 9144B7182490629B009B01B8 /* FlowCoordinator+DependencyProviders.swift */; };
		9144B71B249062E9009B01B8 /* PhotoSearchFlowCoordinator.swift in Sources */ = {isa = PBXBuildFile; fileRef = 9144B71A249062E9009B01B8 /* PhotoSearchFlowCoordinator.swift */; };
		9144B71D249063FD009B01B8 /* ApplicationComponentsFactory.swift in Sources */ = {isa = PBXBuildFile; fileRef = 9144B71C249063FD009B01B8 /* ApplicationComponentsFactory.swift */; };
		9144B72424906864009B01B8 /* ServicesProvider.swift in Sources */ = {isa = PBXBuildFile; fileRef = 9144B72324906864009B01B8 /* ServicesProvider.swift */; };
		9144B72624906893009B01B8 /* NetworkServiceType.swift in Sources */ = {isa = PBXBuildFile; fileRef = 9144B72524906893009B01B8 /* NetworkServiceType.swift */; };
		9144B728249068AE009B01B8 /* NetworkService.swift in Sources */ = {isa = PBXBuildFile; fileRef = 9144B727249068AE009B01B8 /* NetworkService.swift */; };
		9144B72A249068DE009B01B8 /* Resource.swift in Sources */ = {isa = PBXBuildFile; fileRef = 9144B729249068DE009B01B8 /* Resource.swift */; };
		9144B72E249069F8009B01B8 /* Publisher+Extensions.swift in Sources */ = {isa = PBXBuildFile; fileRef = 9144B72D249069F8009B01B8 /* Publisher+Extensions.swift */; };
		9144B73224906B6E009B01B8 /* Photos.swift in Sources */ = {isa = PBXBuildFile; fileRef = 9144B73124906B6E009B01B8 /* Photos.swift */; };
		9144B73424906BAC009B01B8 /* Photo.swift in Sources */ = {isa = PBXBuildFile; fileRef = 9144B73324906BAC009B01B8 /* Photo.swift */; };
		9144B73624906F10009B01B8 /* ApiConstants.swift in Sources */ = {isa = PBXBuildFile; fileRef = 9144B73524906F10009B01B8 /* ApiConstants.swift */; };
		9144B73824906F62009B01B8 /* Resource+Photo.swift in Sources */ = {isa = PBXBuildFile; fileRef = 9144B73724906F62009B01B8 /* Resource+Photo.swift */; };
		9144B73A24907037009B01B8 /* PhotosUseCase.swift in Sources */ = {isa = PBXBuildFile; fileRef = 9144B73924907037009B01B8 /* PhotosUseCase.swift */; };
		9144B73D24907E92009B01B8 /* PhotoCollectionViewCell.swift in Sources */ = {isa = PBXBuildFile; fileRef = 9144B73B24907E92009B01B8 /* PhotoCollectionViewCell.swift */; };
		9144B73E24907E92009B01B8 /* PhotoCollectionViewCell.xib in Resources */ = {isa = PBXBuildFile; fileRef = 9144B73C24907E92009B01B8 /* PhotoCollectionViewCell.xib */; };
		9144B74024907EEE009B01B8 /* UICollectionView+Common.swift in Sources */ = {isa = PBXBuildFile; fileRef = 9144B73F24907EEE009B01B8 /* UICollectionView+Common.swift */; };
		91EA3FFB249058A000AAA4B2 /* AppDelegate.swift in Sources */ = {isa = PBXBuildFile; fileRef = 91EA3FFA249058A000AAA4B2 /* AppDelegate.swift */; };
		91EA3FFF249058A000AAA4B2 /* PhotoSearchViewController.swift in Sources */ = {isa = PBXBuildFile; fileRef = 91EA3FFE249058A000AAA4B2 /* PhotoSearchViewController.swift */; };
		91EA4002249058A000AAA4B2 /* Main.storyboard in Resources */ = {isa = PBXBuildFile; fileRef = 91EA4000249058A000AAA4B2 /* Main.storyboard */; };
		91EA4004249058A400AAA4B2 /* Assets.xcassets in Resources */ = {isa = PBXBuildFile; fileRef = 91EA4003249058A400AAA4B2 /* Assets.xcassets */; };
		91EA4007249058A400AAA4B2 /* LaunchScreen.storyboard in Resources */ = {isa = PBXBuildFile; fileRef = 91EA4005249058A400AAA4B2 /* LaunchScreen.storyboard */; };
		91EA4012249058A500AAA4B2 /* PixFinderTests.swift in Sources */ = {isa = PBXBuildFile; fileRef = 91EA4011249058A500AAA4B2 /* PixFinderTests.swift */; };
/* End PBXBuildFile section */

/* Begin PBXContainerItemProxy section */
		91EA400E249058A500AAA4B2 /* PBXContainerItemProxy */ = {
			isa = PBXContainerItemProxy;
			containerPortal = 91EA3FEF249058A000AAA4B2 /* Project object */;
			proxyType = 1;
			remoteGlobalIDString = 91EA3FF6249058A000AAA4B2;
			remoteInfo = PixFinder;
		};
/* End PBXContainerItemProxy section */

/* Begin PBXFileReference section */
		9144B71624906251009B01B8 /* ApplicationFlowCoordinator.swift */ = {isa = PBXFileReference; lastKnownFileType = sourcecode.swift; path = ApplicationFlowCoordinator.swift; sourceTree = "<group>"; };
		9144B7182490629B009B01B8 /* FlowCoordinator+DependencyProviders.swift */ = {isa = PBXFileReference; lastKnownFileType = sourcecode.swift; path = "FlowCoordinator+DependencyProviders.swift"; sourceTree = "<group>"; };
		9144B71A249062E9009B01B8 /* PhotoSearchFlowCoordinator.swift */ = {isa = PBXFileReference; lastKnownFileType = sourcecode.swift; path = PhotoSearchFlowCoordinator.swift; sourceTree = "<group>"; };
		9144B71C249063FD009B01B8 /* ApplicationComponentsFactory.swift */ = {isa = PBXFileReference; lastKnownFileType = sourcecode.swift; path = ApplicationComponentsFactory.swift; sourceTree = "<group>"; };
		9144B72324906864009B01B8 /* ServicesProvider.swift */ = {isa = PBXFileReference; lastKnownFileType = sourcecode.swift; path = ServicesProvider.swift; sourceTree = "<group>"; };
		9144B72524906893009B01B8 /* NetworkServiceType.swift */ = {isa = PBXFileReference; lastKnownFileType = sourcecode.swift; path = NetworkServiceType.swift; sourceTree = "<group>"; };
		9144B727249068AE009B01B8 /* NetworkService.swift */ = {isa = PBXFileReference; lastKnownFileType = sourcecode.swift; path = NetworkService.swift; sourceTree = "<group>"; };
		9144B729249068DE009B01B8 /* Resource.swift */ = {isa = PBXFileReference; lastKnownFileType = sourcecode.swift; path = Resource.swift; sourceTree = "<group>"; };
		9144B72D249069F8009B01B8 /* Publisher+Extensions.swift */ = {isa = PBXFileReference; lastKnownFileType = sourcecode.swift; path = "Publisher+Extensions.swift"; sourceTree = "<group>"; };
		9144B73124906B6E009B01B8 /* Photos.swift */ = {isa = PBXFileReference; lastKnownFileType = sourcecode.swift; path = Photos.swift; sourceTree = "<group>"; };
		9144B73324906BAC009B01B8 /* Photo.swift */ = {isa = PBXFileReference; lastKnownFileType = sourcecode.swift; path = Photo.swift; sourceTree = "<group>"; };
		9144B73524906F10009B01B8 /* ApiConstants.swift */ = {isa = PBXFileReference; lastKnownFileType = sourcecode.swift; path = ApiConstants.swift; sourceTree = "<group>"; };
		9144B73724906F62009B01B8 /* Resource+Photo.swift */ = {isa = PBXFileReference; lastKnownFileType = sourcecode.swift; path = "Resource+Photo.swift"; sourceTree = "<group>"; };
		9144B73924907037009B01B8 /* PhotosUseCase.swift */ = {isa = PBXFileReference; lastKnownFileType = sourcecode.swift; path = PhotosUseCase.swift; sourceTree = "<group>"; };
		9144B73B24907E92009B01B8 /* PhotoCollectionViewCell.swift */ = {isa = PBXFileReference; lastKnownFileType = sourcecode.swift; path = PhotoCollectionViewCell.swift; sourceTree = "<group>"; };
		9144B73C24907E92009B01B8 /* PhotoCollectionViewCell.xib */ = {isa = PBXFileReference; lastKnownFileType = file.xib; path = PhotoCollectionViewCell.xib; sourceTree = "<group>"; };
		9144B73F24907EEE009B01B8 /* UICollectionView+Common.swift */ = {isa = PBXFileReference; lastKnownFileType = sourcecode.swift; path = "UICollectionView+Common.swift"; sourceTree = "<group>"; };
		91EA3FF7249058A000AAA4B2 /* PixFinder.app */ = {isa = PBXFileReference; explicitFileType = wrapper.application; includeInIndex = 0; path = PixFinder.app; sourceTree = BUILT_PRODUCTS_DIR; };
		91EA3FFA249058A000AAA4B2 /* AppDelegate.swift */ = {isa = PBXFileReference; lastKnownFileType = sourcecode.swift; path = AppDelegate.swift; sourceTree = "<group>"; };
		91EA3FFE249058A000AAA4B2 /* PhotoSearchViewController.swift */ = {isa = PBXFileReference; lastKnownFileType = sourcecode.swift; path = PhotoSearchViewController.swift; sourceTree = "<group>"; };
		91EA4001249058A000AAA4B2 /* Base */ = {isa = PBXFileReference; lastKnownFileType = file.storyboard; name = Base; path = Base.lproj/Main.storyboard; sourceTree = "<group>"; };
		91EA4003249058A400AAA4B2 /* Assets.xcassets */ = {isa = PBXFileReference; lastKnownFileType = folder.assetcatalog; path = Assets.xcassets; sourceTree = "<group>"; };
		91EA4006249058A400AAA4B2 /* Base */ = {isa = PBXFileReference; lastKnownFileType = file.storyboard; name = Base; path = Base.lproj/LaunchScreen.storyboard; sourceTree = "<group>"; };
		91EA4008249058A400AAA4B2 /* Info.plist */ = {isa = PBXFileReference; lastKnownFileType = text.plist.xml; path = Info.plist; sourceTree = "<group>"; };
		91EA400D249058A500AAA4B2 /* PixFinderTests.xctest */ = {isa = PBXFileReference; explicitFileType = wrapper.cfbundle; includeInIndex = 0; path = PixFinderTests.xctest; sourceTree = BUILT_PRODUCTS_DIR; };
		91EA4011249058A500AAA4B2 /* PixFinderTests.swift */ = {isa = PBXFileReference; lastKnownFileType = sourcecode.swift; path = PixFinderTests.swift; sourceTree = "<group>"; };
		91EA4013249058A500AAA4B2 /* Info.plist */ = {isa = PBXFileReference; lastKnownFileType = text.plist.xml; path = Info.plist; sourceTree = "<group>"; };
/* End PBXFileReference section */

/* Begin PBXFrameworksBuildPhase section */
		91EA3FF4249058A000AAA4B2 /* Frameworks */ = {
			isa = PBXFrameworksBuildPhase;
			buildActionMask = 2147483647;
			files = (
			);
			runOnlyForDeploymentPostprocessing = 0;
		};
		91EA400A249058A500AAA4B2 /* Frameworks */ = {
			isa = PBXFrameworksBuildPhase;
			buildActionMask = 2147483647;
			files = (
			);
			runOnlyForDeploymentPostprocessing = 0;
		};
/* End PBXFrameworksBuildPhase section */

/* Begin PBXGroup section */
		9144B71E24906580009B01B8 /* FlowCoordinator */ = {
			isa = PBXGroup;
			children = (
				9144B71624906251009B01B8 /* ApplicationFlowCoordinator.swift */,
				9144B7182490629B009B01B8 /* FlowCoordinator+DependencyProviders.swift */,
				9144B71A249062E9009B01B8 /* PhotoSearchFlowCoordinator.swift */,
				9144B71C249063FD009B01B8 /* ApplicationComponentsFactory.swift */,
			);
			path = FlowCoordinator;
			sourceTree = "<group>";
		};
		9144B71F24906599009B01B8 /* Scenes */ = {
			isa = PBXGroup;
			children = (
				9144B72024906641009B01B8 /* PhotoSearch */,
			);
			path = Scenes;
			sourceTree = "<group>";
		};
		9144B72024906641009B01B8 /* PhotoSearch */ = {
			isa = PBXGroup;
			children = (
				91EA3FFE249058A000AAA4B2 /* PhotoSearchViewController.swift */,
				9144B73B24907E92009B01B8 /* PhotoCollectionViewCell.swift */,
				9144B73C24907E92009B01B8 /* PhotoCollectionViewCell.xib */,
			);
			path = PhotoSearch;
			sourceTree = "<group>";
		};
		9144B72124906814009B01B8 /* PresentationLayer */ = {
			isa = PBXGroup;
			children = (
				91EA4003249058A400AAA4B2 /* Assets.xcassets */,
				91EA3FFA249058A000AAA4B2 /* AppDelegate.swift */,
				91EA4000249058A000AAA4B2 /* Main.storyboard */,
				91EA4005249058A400AAA4B2 /* LaunchScreen.storyboard */,
				9144B71F24906599009B01B8 /* Scenes */,
				9144B71E24906580009B01B8 /* FlowCoordinator */,
				9144B73F24907EEE009B01B8 /* UICollectionView+Common.swift */,
			);
			path = PresentationLayer;
			sourceTree = "<group>";
		};
		9144B7222490682B009B01B8 /* DataLayer */ = {
			isa = PBXGroup;
			children = (
				9144B72324906864009B01B8 /* ServicesProvider.swift */,
				9144B73524906F10009B01B8 /* ApiConstants.swift */,
				9144B73024906B57009B01B8 /* Entities */,
				9144B72B24906904009B01B8 /* Network */,
			);
			path = DataLayer;
			sourceTree = "<group>";
		};
		9144B72B24906904009B01B8 /* Network */ = {
			isa = PBXGroup;
			children = (
				9144B72524906893009B01B8 /* NetworkServiceType.swift */,
				9144B727249068AE009B01B8 /* NetworkService.swift */,
				9144B729249068DE009B01B8 /* Resource.swift */,
			);
			path = Network;
			sourceTree = "<group>";
		};
		9144B72C249069CC009B01B8 /* Support+Utils */ = {
			isa = PBXGroup;
			children = (
				9144B72D249069F8009B01B8 /* Publisher+Extensions.swift */,
			);
			path = "Support+Utils";
			sourceTree = "<group>";
		};
		9144B72F24906B3B009B01B8 /* DomainLayer */ = {
			isa = PBXGroup;
			children = (
				9144B73924907037009B01B8 /* PhotosUseCase.swift */,
			);
			path = DomainLayer;
			sourceTree = "<group>";
		};
		9144B73024906B57009B01B8 /* Entities */ = {
			isa = PBXGroup;
			children = (
				9144B73724906F62009B01B8 /* Resource+Photo.swift */,
				9144B73124906B6E009B01B8 /* Photos.swift */,
				9144B73324906BAC009B01B8 /* Photo.swift */,
			);
			path = Entities;
			sourceTree = "<group>";
		};
		91EA3FEE249058A000AAA4B2 = {
			isa = PBXGroup;
			children = (
				91EA3FF9249058A000AAA4B2 /* PixFinder */,
				91EA4010249058A500AAA4B2 /* PixFinderTests */,
				91EA3FF8249058A000AAA4B2 /* Products */,
			);
			sourceTree = "<group>";
		};
		91EA3FF8249058A000AAA4B2 /* Products */ = {
			isa = PBXGroup;
			children = (
				91EA3FF7249058A000AAA4B2 /* PixFinder.app */,
				91EA400D249058A500AAA4B2 /* PixFinderTests.xctest */,
			);
			name = Products;
			sourceTree = "<group>";
		};
		91EA3FF9249058A000AAA4B2 /* PixFinder */ = {
			isa = PBXGroup;
			children = (
				9144B72C249069CC009B01B8 /* Support+Utils */,
				9144B72124906814009B01B8 /* PresentationLayer */,
				9144B72F24906B3B009B01B8 /* DomainLayer */,
				9144B7222490682B009B01B8 /* DataLayer */,
				91EA4008249058A400AAA4B2 /* Info.plist */,
			);
			path = PixFinder;
			sourceTree = "<group>";
		};
		91EA4010249058A500AAA4B2 /* PixFinderTests */ = {
			isa = PBXGroup;
			children = (
				91EA4011249058A500AAA4B2 /* PixFinderTests.swift */,
				91EA4013249058A500AAA4B2 /* Info.plist */,
			);
			path = PixFinderTests;
			sourceTree = "<group>";
		};
/* End PBXGroup section */

/* Begin PBXNativeTarget section */
		91EA3FF6249058A000AAA4B2 /* PixFinder */ = {
			isa = PBXNativeTarget;
			buildConfigurationList = 91EA4016249058A500AAA4B2 /* Build configuration list for PBXNativeTarget "PixFinder" */;
			buildPhases = (
				91EA3FF3249058A000AAA4B2 /* Sources */,
				91EA3FF4249058A000AAA4B2 /* Frameworks */,
				91EA3FF5249058A000AAA4B2 /* Resources */,
			);
			buildRules = (
			);
			dependencies = (
			);
			name = PixFinder;
			productName = PixFinder;
			productReference = 91EA3FF7249058A000AAA4B2 /* PixFinder.app */;
			productType = "com.apple.product-type.application";
		};
		91EA400C249058A500AAA4B2 /* PixFinderTests */ = {
			isa = PBXNativeTarget;
			buildConfigurationList = 91EA4019249058A500AAA4B2 /* Build configuration list for PBXNativeTarget "PixFinderTests" */;
			buildPhases = (
				91EA4009249058A500AAA4B2 /* Sources */,
				91EA400A249058A500AAA4B2 /* Frameworks */,
				91EA400B249058A500AAA4B2 /* Resources */,
			);
			buildRules = (
			);
			dependencies = (
				91EA400F249058A500AAA4B2 /* PBXTargetDependency */,
			);
			name = PixFinderTests;
			productName = PixFinderTests;
			productReference = 91EA400D249058A500AAA4B2 /* PixFinderTests.xctest */;
			productType = "com.apple.product-type.bundle.unit-test";
		};
/* End PBXNativeTarget section */

/* Begin PBXProject section */
		91EA3FEF249058A000AAA4B2 /* Project object */ = {
			isa = PBXProject;
			attributes = {
				LastSwiftUpdateCheck = 1130;
				LastUpgradeCheck = 1130;
				ORGANIZATIONNAME = "Arinjoy Biswas";
				TargetAttributes = {
					91EA3FF6249058A000AAA4B2 = {
						CreatedOnToolsVersion = 11.3;
					};
					91EA400C249058A500AAA4B2 = {
						CreatedOnToolsVersion = 11.3;
						TestTargetID = 91EA3FF6249058A000AAA4B2;
					};
				};
			};
			buildConfigurationList = 91EA3FF2249058A000AAA4B2 /* Build configuration list for PBXProject "PixFinder" */;
			compatibilityVersion = "Xcode 9.3";
			developmentRegion = en;
			hasScannedForEncodings = 0;
			knownRegions = (
				en,
				Base,
			);
			mainGroup = 91EA3FEE249058A000AAA4B2;
			productRefGroup = 91EA3FF8249058A000AAA4B2 /* Products */;
			projectDirPath = "";
			projectRoot = "";
			targets = (
				91EA3FF6249058A000AAA4B2 /* PixFinder */,
				91EA400C249058A500AAA4B2 /* PixFinderTests */,
			);
		};
/* End PBXProject section */

/* Begin PBXResourcesBuildPhase section */
		91EA3FF5249058A000AAA4B2 /* Resources */ = {
			isa = PBXResourcesBuildPhase;
			buildActionMask = 2147483647;
			files = (
				91EA4007249058A400AAA4B2 /* LaunchScreen.storyboard in Resources */,
				9144B73E24907E92009B01B8 /* PhotoCollectionViewCell.xib in Resources */,
				91EA4004249058A400AAA4B2 /* Assets.xcassets in Resources */,
				91EA4002249058A000AAA4B2 /* Main.storyboard in Resources */,
			);
			runOnlyForDeploymentPostprocessing = 0;
		};
		91EA400B249058A500AAA4B2 /* Resources */ = {
			isa = PBXResourcesBuildPhase;
			buildActionMask = 2147483647;
			files = (
			);
			runOnlyForDeploymentPostprocessing = 0;
		};
/* End PBXResourcesBuildPhase section */

/* Begin PBXSourcesBuildPhase section */
		91EA3FF3249058A000AAA4B2 /* Sources */ = {
			isa = PBXSourcesBuildPhase;
			buildActionMask = 2147483647;
			files = (
				9144B73624906F10009B01B8 /* ApiConstants.swift in Sources */,
				9144B73224906B6E009B01B8 /* Photos.swift in Sources */,
				9144B72624906893009B01B8 /* NetworkServiceType.swift in Sources */,
				9144B74024907EEE009B01B8 /* UICollectionView+Common.swift in Sources */,
				91EA3FFF249058A000AAA4B2 /* PhotoSearchViewController.swift in Sources */,
				9144B73D24907E92009B01B8 /* PhotoCollectionViewCell.swift in Sources */,
				9144B73A24907037009B01B8 /* PhotosUseCase.swift in Sources */,
				91EA3FFB249058A000AAA4B2 /* AppDelegate.swift in Sources */,
				9144B72A249068DE009B01B8 /* Resource.swift in Sources */,
				9144B73824906F62009B01B8 /* Resource+Photo.swift in Sources */,
				9144B72E249069F8009B01B8 /* Publisher+Extensions.swift in Sources */,
				9144B73424906BAC009B01B8 /* Photo.swift in Sources */,
				9144B72424906864009B01B8 /* ServicesProvider.swift in Sources */,
				9144B71B249062E9009B01B8 /* PhotoSearchFlowCoordinator.swift in Sources */,
				9144B7192490629B009B01B8 /* FlowCoordinator+DependencyProviders.swift in Sources */,
				9144B71D249063FD009B01B8 /* ApplicationComponentsFactory.swift in Sources */,
				9144B728249068AE009B01B8 /* NetworkService.swift in Sources */,
				9144B71724906251009B01B8 /* ApplicationFlowCoordinator.swift in Sources */,
			);
			runOnlyForDeploymentPostprocessing = 0;
		};
		91EA4009249058A500AAA4B2 /* Sources */ = {
			isa = PBXSourcesBuildPhase;
			buildActionMask = 2147483647;
			files = (
				91EA4012249058A500AAA4B2 /* PixFinderTests.swift in Sources */,
			);
			runOnlyForDeploymentPostprocessing = 0;
		};
/* End PBXSourcesBuildPhase section */

/* Begin PBXTargetDependency section */
		91EA400F249058A500AAA4B2 /* PBXTargetDependency */ = {
			isa = PBXTargetDependency;
			target = 91EA3FF6249058A000AAA4B2 /* PixFinder */;
			targetProxy = 91EA400E249058A500AAA4B2 /* PBXContainerItemProxy */;
		};
/* End PBXTargetDependency section */

/* Begin PBXVariantGroup section */
		91EA4000249058A000AAA4B2 /* Main.storyboard */ = {
			isa = PBXVariantGroup;
			children = (
				91EA4001249058A000AAA4B2 /* Base */,
			);
			name = Main.storyboard;
			sourceTree = "<group>";
		};
		91EA4005249058A400AAA4B2 /* LaunchScreen.storyboard */ = {
			isa = PBXVariantGroup;
			children = (
				91EA4006249058A400AAA4B2 /* Base */,
			);
			name = LaunchScreen.storyboard;
			sourceTree = "<group>";
		};
/* End PBXVariantGroup section */

/* Begin XCBuildConfiguration section */
		91EA4014249058A500AAA4B2 /* Debug */ = {
			isa = XCBuildConfiguration;
			buildSettings = {
				ALWAYS_SEARCH_USER_PATHS = NO;
				CLANG_ANALYZER_NONNULL = YES;
				CLANG_ANALYZER_NUMBER_OBJECT_CONVERSION = YES_AGGRESSIVE;
				CLANG_CXX_LANGUAGE_STANDARD = "gnu++14";
				CLANG_CXX_LIBRARY = "libc++";
				CLANG_ENABLE_MODULES = YES;
				CLANG_ENABLE_OBJC_ARC = YES;
				CLANG_ENABLE_OBJC_WEAK = YES;
				CLANG_WARN_BLOCK_CAPTURE_AUTORELEASING = YES;
				CLANG_WARN_BOOL_CONVERSION = YES;
				CLANG_WARN_COMMA = YES;
				CLANG_WARN_CONSTANT_CONVERSION = YES;
				CLANG_WARN_DEPRECATED_OBJC_IMPLEMENTATIONS = YES;
				CLANG_WARN_DIRECT_OBJC_ISA_USAGE = YES_ERROR;
				CLANG_WARN_DOCUMENTATION_COMMENTS = YES;
				CLANG_WARN_EMPTY_BODY = YES;
				CLANG_WARN_ENUM_CONVERSION = YES;
				CLANG_WARN_INFINITE_RECURSION = YES;
				CLANG_WARN_INT_CONVERSION = YES;
				CLANG_WARN_NON_LITERAL_NULL_CONVERSION = YES;
				CLANG_WARN_OBJC_IMPLICIT_RETAIN_SELF = YES;
				CLANG_WARN_OBJC_LITERAL_CONVERSION = YES;
				CLANG_WARN_OBJC_ROOT_CLASS = YES_ERROR;
				CLANG_WARN_RANGE_LOOP_ANALYSIS = YES;
				CLANG_WARN_STRICT_PROTOTYPES = YES;
				CLANG_WARN_SUSPICIOUS_MOVE = YES;
				CLANG_WARN_UNGUARDED_AVAILABILITY = YES_AGGRESSIVE;
				CLANG_WARN_UNREACHABLE_CODE = YES;
				CLANG_WARN__DUPLICATE_METHOD_MATCH = YES;
				COPY_PHASE_STRIP = NO;
				DEBUG_INFORMATION_FORMAT = dwarf;
				ENABLE_STRICT_OBJC_MSGSEND = YES;
				ENABLE_TESTABILITY = YES;
				GCC_C_LANGUAGE_STANDARD = gnu11;
				GCC_DYNAMIC_NO_PIC = NO;
				GCC_NO_COMMON_BLOCKS = YES;
				GCC_OPTIMIZATION_LEVEL = 0;
				GCC_PREPROCESSOR_DEFINITIONS = (
					"DEBUG=1",
					"$(inherited)",
				);
				GCC_WARN_64_TO_32_BIT_CONVERSION = YES;
				GCC_WARN_ABOUT_RETURN_TYPE = YES_ERROR;
				GCC_WARN_UNDECLARED_SELECTOR = YES;
				GCC_WARN_UNINITIALIZED_AUTOS = YES_AGGRESSIVE;
				GCC_WARN_UNUSED_FUNCTION = YES;
				GCC_WARN_UNUSED_VARIABLE = YES;
				IPHONEOS_DEPLOYMENT_TARGET = 13.2;
				MTL_ENABLE_DEBUG_INFO = INCLUDE_SOURCE;
				MTL_FAST_MATH = YES;
				ONLY_ACTIVE_ARCH = YES;
				SDKROOT = iphoneos;
				SWIFT_ACTIVE_COMPILATION_CONDITIONS = DEBUG;
				SWIFT_OPTIMIZATION_LEVEL = "-Onone";
			};
			name = Debug;
		};
		91EA4015249058A500AAA4B2 /* Release */ = {
			isa = XCBuildConfiguration;
			buildSettings = {
				ALWAYS_SEARCH_USER_PATHS = NO;
				CLANG_ANALYZER_NONNULL = YES;
				CLANG_ANALYZER_NUMBER_OBJECT_CONVERSION = YES_AGGRESSIVE;
				CLANG_CXX_LANGUAGE_STANDARD = "gnu++14";
				CLANG_CXX_LIBRARY = "libc++";
				CLANG_ENABLE_MODULES = YES;
				CLANG_ENABLE_OBJC_ARC = YES;
				CLANG_ENABLE_OBJC_WEAK = YES;
				CLANG_WARN_BLOCK_CAPTURE_AUTORELEASING = YES;
				CLANG_WARN_BOOL_CONVERSION = YES;
				CLANG_WARN_COMMA = YES;
				CLANG_WARN_CONSTANT_CONVERSION = YES;
				CLANG_WARN_DEPRECATED_OBJC_IMPLEMENTATIONS = YES;
				CLANG_WARN_DIRECT_OBJC_ISA_USAGE = YES_ERROR;
				CLANG_WARN_DOCUMENTATION_COMMENTS = YES;
				CLANG_WARN_EMPTY_BODY = YES;
				CLANG_WARN_ENUM_CONVERSION = YES;
				CLANG_WARN_INFINITE_RECURSION = YES;
				CLANG_WARN_INT_CONVERSION = YES;
				CLANG_WARN_NON_LITERAL_NULL_CONVERSION = YES;
				CLANG_WARN_OBJC_IMPLICIT_RETAIN_SELF = YES;
				CLANG_WARN_OBJC_LITERAL_CONVERSION = YES;
				CLANG_WARN_OBJC_ROOT_CLASS = YES_ERROR;
				CLANG_WARN_RANGE_LOOP_ANALYSIS = YES;
				CLANG_WARN_STRICT_PROTOTYPES = YES;
				CLANG_WARN_SUSPICIOUS_MOVE = YES;
				CLANG_WARN_UNGUARDED_AVAILABILITY = YES_AGGRESSIVE;
				CLANG_WARN_UNREACHABLE_CODE = YES;
				CLANG_WARN__DUPLICATE_METHOD_MATCH = YES;
				COPY_PHASE_STRIP = NO;
				DEBUG_INFORMATION_FORMAT = "dwarf-with-dsym";
				ENABLE_NS_ASSERTIONS = NO;
				ENABLE_STRICT_OBJC_MSGSEND = YES;
				GCC_C_LANGUAGE_STANDARD = gnu11;
				GCC_NO_COMMON_BLOCKS = YES;
				GCC_WARN_64_TO_32_BIT_CONVERSION = YES;
				GCC_WARN_ABOUT_RETURN_TYPE = YES_ERROR;
				GCC_WARN_UNDECLARED_SELECTOR = YES;
				GCC_WARN_UNINITIALIZED_AUTOS = YES_AGGRESSIVE;
				GCC_WARN_UNUSED_FUNCTION = YES;
				GCC_WARN_UNUSED_VARIABLE = YES;
				IPHONEOS_DEPLOYMENT_TARGET = 13.2;
				MTL_ENABLE_DEBUG_INFO = NO;
				MTL_FAST_MATH = YES;
				SDKROOT = iphoneos;
				SWIFT_COMPILATION_MODE = wholemodule;
				SWIFT_OPTIMIZATION_LEVEL = "-O";
				VALIDATE_PRODUCT = YES;
			};
			name = Release;
		};
		91EA4017249058A500AAA4B2 /* Debug */ = {
			isa = XCBuildConfiguration;
			buildSettings = {
				ASSETCATALOG_COMPILER_APPICON_NAME = AppIcon;
				CODE_SIGN_STYLE = Automatic;
				INFOPLIST_FILE = PixFinder/Info.plist;
				LD_RUNPATH_SEARCH_PATHS = (
					"$(inherited)",
					"@executable_path/Frameworks",
				);
				PRODUCT_BUNDLE_IDENTIFIER = app.arinappy.magic.PixFinder;
				PRODUCT_NAME = "$(TARGET_NAME)";
				SWIFT_VERSION = 5.0;
				TARGETED_DEVICE_FAMILY = "1,2";
			};
			name = Debug;
		};
		91EA4018249058A500AAA4B2 /* Release */ = {
			isa = XCBuildConfiguration;
			buildSettings = {
				ASSETCATALOG_COMPILER_APPICON_NAME = AppIcon;
				CODE_SIGN_STYLE = Automatic;
				INFOPLIST_FILE = PixFinder/Info.plist;
				LD_RUNPATH_SEARCH_PATHS = (
					"$(inherited)",
					"@executable_path/Frameworks",
				);
				PRODUCT_BUNDLE_IDENTIFIER = app.arinappy.magic.PixFinder;
				PRODUCT_NAME = "$(TARGET_NAME)";
				SWIFT_VERSION = 5.0;
				TARGETED_DEVICE_FAMILY = "1,2";
			};
			name = Release;
		};
		91EA401A249058A500AAA4B2 /* Debug */ = {
			isa = XCBuildConfiguration;
			buildSettings = {
				ALWAYS_EMBED_SWIFT_STANDARD_LIBRARIES = YES;
				BUNDLE_LOADER = "$(TEST_HOST)";
				CODE_SIGN_STYLE = Automatic;
				INFOPLIST_FILE = PixFinderTests/Info.plist;
				IPHONEOS_DEPLOYMENT_TARGET = 13.2;
				LD_RUNPATH_SEARCH_PATHS = (
					"$(inherited)",
					"@executable_path/Frameworks",
					"@loader_path/Frameworks",
				);
				PRODUCT_BUNDLE_IDENTIFIER = app.arinappy.magic.PixFinderTests;
				PRODUCT_NAME = "$(TARGET_NAME)";
				SWIFT_VERSION = 5.0;
				TARGETED_DEVICE_FAMILY = "1,2";
				TEST_HOST = "$(BUILT_PRODUCTS_DIR)/PixFinder.app/PixFinder";
			};
			name = Debug;
		};
		91EA401B249058A500AAA4B2 /* Release */ = {
			isa = XCBuildConfiguration;
			buildSettings = {
				ALWAYS_EMBED_SWIFT_STANDARD_LIBRARIES = YES;
				BUNDLE_LOADER = "$(TEST_HOST)";
				CODE_SIGN_STYLE = Automatic;
				INFOPLIST_FILE = PixFinderTests/Info.plist;
				IPHONEOS_DEPLOYMENT_TARGET = 13.2;
				LD_RUNPATH_SEARCH_PATHS = (
					"$(inherited)",
					"@executable_path/Frameworks",
					"@loader_path/Frameworks",
				);
				PRODUCT_BUNDLE_IDENTIFIER = app.arinappy.magic.PixFinderTests;
				PRODUCT_NAME = "$(TARGET_NAME)";
				SWIFT_VERSION = 5.0;
				TARGETED_DEVICE_FAMILY = "1,2";
				TEST_HOST = "$(BUILT_PRODUCTS_DIR)/PixFinder.app/PixFinder";
			};
			name = Release;
		};
/* End XCBuildConfiguration section */

/* Begin XCConfigurationList section */
		91EA3FF2249058A000AAA4B2 /* Build configuration list for PBXProject "PixFinder" */ = {
			isa = XCConfigurationList;
			buildConfigurations = (
				91EA4014249058A500AAA4B2 /* Debug */,
				91EA4015249058A500AAA4B2 /* Release */,
			);
			defaultConfigurationIsVisible = 0;
			defaultConfigurationName = Release;
		};
		91EA4016249058A500AAA4B2 /* Build configuration list for PBXNativeTarget "PixFinder" */ = {
			isa = XCConfigurationList;
			buildConfigurations = (
				91EA4017249058A500AAA4B2 /* Debug */,
				91EA4018249058A500AAA4B2 /* Release */,
			);
			defaultConfigurationIsVisible = 0;
			defaultConfigurationName = Release;
		};
		91EA4019249058A500AAA4B2 /* Build configuration list for PBXNativeTarget "PixFinderTests" */ = {
			isa = XCConfigurationList;
			buildConfigurations = (
				91EA401A249058A500AAA4B2 /* Debug */,
				91EA401B249058A500AAA4B2 /* Release */,
			);
			defaultConfigurationIsVisible = 0;
			defaultConfigurationName = Release;
		};
/* End XCConfigurationList section */
	};
	rootObject = 91EA3FEF249058A000AAA4B2 /* Project object */;
}
